
Microsoft Visual Studio Solution File, Format Version 12.00
# Visual Studio Version 17
VisualStudioVersion = 17.6.33815.320
MinimumVisualStudioVersion = 10.0.40219.1
Project("{FAE04EC0-301F-11D3-BF4B-00C04F79EFBC}") = "S1PluginProject", "S1PluginProject.csproj", "{C588150E-9335-4F49-A3A6-5A5FEA86DBD3}"
EndProject
Global
	GlobalSection(SolutionConfigurationPlatforms) = preSolution
		Debug|Any CPU = Debug|Any CPU
		Debug|x86 = Debug|x86
		Release|Any CPU = Release|Any CPU
		Release|x86 = Release|x86
	EndGlobalSection
	GlobalSection(ProjectConfigurationPlatforms) = postSolution
		{C588150E-9335-4F49-A3A6-5A5FEA86DBD3}.Debug|Any CPU.ActiveCfg = Debug|Any CPU
		{C588150E-9335-4F49-A3A6-5A5FEA86DBD3}.Debug|Any CPU.Build.0 = Debug|Any CPU
		{C588150E-9335-4F49-A3A6-5A5FEA86DBD3}.Debug|x86.ActiveCfg = Debug|x86
		{C588150E-9335-4F49-A3A6-5A5FEA86DBD3}.Debug|x86.Build.0 = Debug|x86
		{C588150E-9335-4F49-A3A6-5A5FEA86DBD3}.Release|Any CPU.ActiveCfg = Release|Any CPU
		{C588150E-9335-4F49-A3A6-5A5FEA86DBD3}.Release|Any CPU.Build.0 = Release|Any CPU
		{C588150E-9335-4F49-A3A6-5A5FEA86DBD3}.Release|x86.ActiveCfg = Release|x86
		{C588150E-9335-4F49-A3A6-5A5FEA86DBD3}.Release|x86.Build.0 = Release|x86
	EndGlobalSection
	GlobalSection(SolutionProperties) = preSolution
		HideSolutionNode = FALSE
	EndGlobalSection
	GlobalSection(ExtensibilityGlobals) = postSolution
		SolutionGuid = {C1FEF171-A011-46FE-8A5F-C46DE86F5096}
	EndGlobalSection
EndGlobal
